// !$*UTF8*$!
{
	archiveVersion = 1;
	classes = {
	};
	objectVersion = 56;
	objects = {

/* Begin PBXBuildFile section */
		CE6694E729C1ABAB00B0A8AA /* FirebaseTestApp.swift in Sources */ = {isa = PBXBuildFile; fileRef = CE6694E629C1ABAB00B0A8AA /* FirebaseTestApp.swift */; };
		CE6694E929C1ABAB00B0A8AA /* ContentView.swift in Sources */ = {isa = PBXBuildFile; fileRef = CE6694E829C1ABAB00B0A8AA /* ContentView.swift */; };
		CE6694EB29C1ABAC00B0A8AA /* Assets.xcassets in Resources */ = {isa = PBXBuildFile; fileRef = CE6694EA29C1ABAC00B0A8AA /* Assets.xcassets */; };
		CE6694EE29C1ABAC00B0A8AA /* Preview Assets.xcassets in Resources */ = {isa = PBXBuildFile; fileRef = CE6694ED29C1ABAC00B0A8AA /* Preview Assets.xcassets */; };
		CE6694F529C1ABEE00B0A8AA /* GoogleService-Info.plist in Resources */ = {isa = PBXBuildFile; fileRef = CE6694F429C1ABEE00B0A8AA /* GoogleService-Info.plist */; };
		CE6694F829C1ACD500B0A8AA /* FirebaseAnalytics in Frameworks */ = {isa = PBXBuildFile; productRef = CE6694F729C1ACD500B0A8AA /* FirebaseAnalytics */; };
		CE6694FA29C1ACD500B0A8AA /* FirebaseAnalyticsSwift in Frameworks */ = {isa = PBXBuildFile; productRef = CE6694F929C1ACD500B0A8AA /* FirebaseAnalyticsSwift */; };
		CE6694FC29C1ACD500B0A8AA /* FirebaseAppCheck in Frameworks */ = {isa = PBXBuildFile; productRef = CE6694FB29C1ACD500B0A8AA /* FirebaseAppCheck */; };
		CE6694FE29C1ACD500B0A8AA /* FirebaseDatabase in Frameworks */ = {isa = PBXBuildFile; productRef = CE6694FD29C1ACD500B0A8AA /* FirebaseDatabase */; };
/* End PBXBuildFile section */

/* Begin PBXFileReference section */
		CE6694E329C1ABAB00B0A8AA /* FirebaseTest.app */ = {isa = PBXFileReference; explicitFileType = wrapper.application; includeInIndex = 0; path = FirebaseTest.app; sourceTree = BUILT_PRODUCTS_DIR; };
		CE6694E629C1ABAB00B0A8AA /* FirebaseTestApp.swift */ = {isa = PBXFileReference; lastKnownFileType = sourcecode.swift; path = FirebaseTestApp.swift; sourceTree = "<group>"; };
		CE6694E829C1ABAB00B0A8AA /* ContentView.swift */ = {isa = PBXFileReference; lastKnownFileType = sourcecode.swift; path = ContentView.swift; sourceTree = "<group>"; };
		CE6694EA29C1ABAC00B0A8AA /* Assets.xcassets */ = {isa = PBXFileReference; lastKnownFileType = folder.assetcatalog; path = Assets.xcassets; sourceTree = "<group>"; };
		CE6694ED29C1ABAC00B0A8AA /* Preview Assets.xcassets */ = {isa = PBXFileReference; lastKnownFileType = folder.assetcatalog; path = "Preview Assets.xcassets"; sourceTree = "<group>"; };
		CE6694F429C1ABEE00B0A8AA /* GoogleService-Info.plist */ = {isa = PBXFileReference; fileEncoding = 4; lastKnownFileType = text.plist.xml; path = "GoogleService-Info.plist"; sourceTree = "<group>"; };
/* End PBXFileReference section */

/* Begin PBXFrameworksBuildPhase section */
		CE6694E029C1ABAB00B0A8AA /* Frameworks */ = {
			isa = PBXFrameworksBuildPhase;
			buildActionMask = 2147483647;
			files = (
				CE6694FA29C1ACD500B0A8AA /* FirebaseAnalyticsSwift in Frameworks */,
				CE6694FC29C1ACD500B0A8AA /* FirebaseAppCheck in Frameworks */,
				CE6694FE29C1ACD500B0A8AA /* FirebaseDatabase in Frameworks */,
				CE6694F829C1ACD500B0A8AA /* FirebaseAnalytics in Frameworks */,
			);
			runOnlyForDeploymentPostprocessing = 0;
		};
/* End PBXFrameworksBuildPhase section */

/* Begin PBXGroup section */
		CE6694DA29C1ABAB00B0A8AA = {
			isa = PBXGroup;
			children = (
				CE6694E529C1ABAB00B0A8AA /* FirebaseTest */,
				CE6694E429C1ABAB00B0A8AA /* Products */,
			);
			sourceTree = "<group>";
		};
		CE6694E429C1ABAB00B0A8AA /* Products */ = {
			isa = PBXGroup;
			children = (
				CE6694E329C1ABAB00B0A8AA /* FirebaseTest.app */,
			);
			name = Products;
			sourceTree = "<group>";
		};
		CE6694E529C1ABAB00B0A8AA /* FirebaseTest */ = {
			isa = PBXGroup;
			children = (
				CE6694E629C1ABAB00B0A8AA /* FirebaseTestApp.swift */,
				CE6694E829C1ABAB00B0A8AA /* ContentView.swift */,
				CE6694F429C1ABEE00B0A8AA /* GoogleService-Info.plist */,
				CE6694EA29C1ABAC00B0A8AA /* Assets.xcassets */,
				CE6694EC29C1ABAC00B0A8AA /* Preview Content */,
			);
			path = FirebaseTest;
			sourceTree = "<group>";
		};
		CE6694EC29C1ABAC00B0A8AA /* Preview Content */ = {
			isa = PBXGroup;
			children = (
				CE6694ED29C1ABAC00B0A8AA /* Preview Assets.xcassets */,
			);
			path = "Preview Content";
			sourceTree = "<group>";
		};
/* End PBXGroup section */

/* Begin PBXNativeTarget section */
		CE6694E229C1ABAB00B0A8AA /* FirebaseTest */ = {
			isa = PBXNativeTarget;
			buildConfigurationList = CE6694F129C1ABAC00B0A8AA /* Build configuration list for PBXNativeTarget "FirebaseTest" */;
			buildPhases = (
				CE6694DF29C1ABAB00B0A8AA /* Sources */,
				CE6694E029C1ABAB00B0A8AA /* Frameworks */,
				CE6694E129C1ABAB00B0A8AA /* Resources */,
			);
			buildRules = (
			);
			dependencies = (
			);
			name = FirebaseTest;
			packageProductDependencies = (
				CE6694F729C1ACD500B0A8AA /* FirebaseAnalytics */,
				CE6694F929C1ACD500B0A8AA /* FirebaseAnalyticsSwift */,
				CE6694FB29C1ACD500B0A8AA /* FirebaseAppCheck */,
				CE6694FD29C1ACD500B0A8AA /* FirebaseDatabase */,
			);
			productName = FirebaseTest;
			productReference = CE6694E329C1ABAB00B0A8AA /* FirebaseTest.app */;
			productType = "com.apple.product-type.application";
		};
/* End PBXNativeTarget section */

/* Begin PBXProject section */
		CE6694DB29C1ABAB00B0A8AA /* Project object */ = {
			isa = PBXProject;
			attributes = {
				BuildIndependentTargetsInParallel = 1;
				LastSwiftUpdateCheck = 1420;
				LastUpgradeCheck = 1420;
				TargetAttributes = {
					CE6694E229C1ABAB00B0A8AA = {
						CreatedOnToolsVersion = 14.2;
					};
				};
			};
			buildConfigurationList = CE6694DE29C1ABAB00B0A8AA /* Build configuration list for PBXProject "FirebaseTest" */;
			compatibilityVersion = "Xcode 14.0";
			developmentRegion = en;
			hasScannedForEncodings = 0;
			knownRegions = (
				en,
				Base,
			);
			mainGroup = CE6694DA29C1ABAB00B0A8AA;
			packageReferences = (
				CE6694F629C1ACD500B0A8AA /* XCRemoteSwiftPackageReference "firebase-ios-sdk" */,
			);
			productRefGroup = CE6694E429C1ABAB00B0A8AA /* Products */;
			projectDirPath = "";
			projectRoot = "";
			targets = (
				CE6694E229C1ABAB00B0A8AA /* FirebaseTest */,
			);
		};
/* End PBXProject section */

/* Begin PBXResourcesBuildPhase section */
		CE6694E129C1ABAB00B0A8AA /* Resources */ = {
			isa = PBXResourcesBuildPhase;
			buildActionMask = 2147483647;
			files = (
				CE6694EE29C1ABAC00B0A8AA /* Preview Assets.xcassets in Resources */,
				CE6694F529C1ABEE00B0A8AA /* GoogleService-Info.plist in Resources */,
				CE6694EB29C1ABAC00B0A8AA /* Assets.xcassets in Resources */,
			);
			runOnlyForDeploymentPostprocessing = 0;
		};
/* End PBXResourcesBuildPhase section */

/* Begin PBXSourcesBuildPhase section */
		CE6694DF29C1ABAB00B0A8AA /* Sources */ = {
			isa = PBXSourcesBuildPhase;
			buildActionMask = 2147483647;
			files = (
				CE6694E929C1ABAB00B0A8AA /* ContentView.swift in Sources */,
				CE6694E729C1ABAB00B0A8AA /* FirebaseTestApp.swift in Sources */,
			);
			runOnlyForDeploymentPostprocessing = 0;
		};
/* End PBXSourcesBuildPhase section */

/* Begin XCBuildConfiguration section */
		CE6694EF29C1ABAC00B0A8AA /* Debug */ = {
			isa = XCBuildConfiguration;
			buildSettings = {
				ALWAYS_SEARCH_USER_PATHS = NO;
				CLANG_ANALYZER_NONNULL = YES;
				CLANG_ANALYZER_NUMBER_OBJECT_CONVERSION = YES_AGGRESSIVE;
				CLANG_CXX_LANGUAGE_STANDARD = "gnu++20";
				CLANG_ENABLE_MODULES = YES;
				CLANG_ENABLE_OBJC_ARC = YES;
				CLANG_ENABLE_OBJC_WEAK = YES;
				CLANG_WARN_BLOCK_CAPTURE_AUTORELEASING = YES;
				CLANG_WARN_BOOL_CONVERSION = YES;
				CLANG_WARN_COMMA = YES;
				CLANG_WARN_CONSTANT_CONVERSION = YES;
				CLANG_WARN_DEPRECATED_OBJC_IMPLEMENTATIONS = YES;
				CLANG_WARN_DIRECT_OBJC_ISA_USAGE = YES_ERROR;
				CLANG_WARN_DOCUMENTATION_COMMENTS = YES;
				CLANG_WARN_EMPTY_BODY = YES;
				CLANG_WARN_ENUM_CONVERSION = YES;
				CLANG_WARN_INFINITE_RECURSION = YES;
				CLANG_WARN_INT_CONVERSION = YES;
				CLANG_WARN_NON_LITERAL_NULL_CONVERSION = YES;
				CLANG_WARN_OBJC_IMPLICIT_RETAIN_SELF = YES;
				CLANG_WARN_OBJC_LITERAL_CONVERSION = YES;
				CLANG_WARN_OBJC_ROOT_CLASS = YES_ERROR;
				CLANG_WARN_QUOTED_INCLUDE_IN_FRAMEWORK_HEADER = YES;
				CLANG_WARN_RANGE_LOOP_ANALYSIS = YES;
				CLANG_WARN_STRICT_PROTOTYPES = YES;
				CLANG_WARN_SUSPICIOUS_MOVE = YES;
				CLANG_WARN_UNGUARDED_AVAILABILITY = YES_AGGRESSIVE;
				CLANG_WARN_UNREACHABLE_CODE = YES;
				CLANG_WARN__DUPLICATE_METHOD_MATCH = YES;
				COPY_PHASE_STRIP = NO;
				DEBUG_INFORMATION_FORMAT = dwarf;
				ENABLE_STRICT_OBJC_MSGSEND = YES;
				ENABLE_TESTABILITY = YES;
				GCC_C_LANGUAGE_STANDARD = gnu11;
				GCC_DYNAMIC_NO_PIC = NO;
				GCC_NO_COMMON_BLOCKS = YES;
				GCC_OPTIMIZATION_LEVEL = 0;
				GCC_PREPROCESSOR_DEFINITIONS = (
					"DEBUG=1",
					"$(inherited)",
				);
				GCC_WARN_64_TO_32_BIT_CONVERSION = YES;
				GCC_WARN_ABOUT_RETURN_TYPE = YES_ERROR;
				GCC_WARN_UNDECLARED_SELECTOR = YES;
				GCC_WARN_UNINITIALIZED_AUTOS = YES_AGGRESSIVE;
				GCC_WARN_UNUSED_FUNCTION = YES;
				GCC_WARN_UNUSED_VARIABLE = YES;
				IPHONEOS_DEPLOYMENT_TARGET = 16.2;
				MTL_ENABLE_DEBUG_INFO = INCLUDE_SOURCE;
				MTL_FAST_MATH = YES;
				ONLY_ACTIVE_ARCH = YES;
				SDKROOT = iphoneos;
				SWIFT_ACTIVE_COMPILATION_CONDITIONS = DEBUG;
				SWIFT_OPTIMIZATION_LEVEL = "-Onone";
			};
			name = Debug;
		};
		CE6694F029C1ABAC00B0A8AA /* Release */ = {
			isa = XCBuildConfiguration;
			buildSettings = {
				ALWAYS_SEARCH_USER_PATHS = NO;
				CLANG_ANALYZER_NONNULL = YES;
				CLANG_ANALYZER_NUMBER_OBJECT_CONVERSION = YES_AGGRESSIVE;
				CLANG_CXX_LANGUAGE_STANDARD = "gnu++20";
				CLANG_ENABLE_MODULES = YES;
				CLANG_ENABLE_OBJC_ARC = YES;
				CLANG_ENABLE_OBJC_WEAK = YES;
				CLANG_WARN_BLOCK_CAPTURE_AUTORELEASING = YES;
				CLANG_WARN_BOOL_CONVERSION = YES;
				CLANG_WARN_COMMA = YES;
				CLANG_WARN_CONSTANT_CONVERSION = YES;
				CLANG_WARN_DEPRECATED_OBJC_IMPLEMENTATIONS = YES;
				CLANG_WARN_DIRECT_OBJC_ISA_USAGE = YES_ERROR;
				CLANG_WARN_DOCUMENTATION_COMMENTS = YES;
				CLANG_WARN_EMPTY_BODY = YES;
				CLANG_WARN_ENUM_CONVERSION = YES;
				CLANG_WARN_INFINITE_RECURSION = YES;
				CLANG_WARN_INT_CONVERSION = YES;
				CLANG_WARN_NON_LITERAL_NULL_CONVERSION = YES;
				CLANG_WARN_OBJC_IMPLICIT_RETAIN_SELF = YES;
				CLANG_WARN_OBJC_LITERAL_CONVERSION = YES;
				CLANG_WARN_OBJC_ROOT_CLASS = YES_ERROR;
				CLANG_WARN_QUOTED_INCLUDE_IN_FRAMEWORK_HEADER = YES;
				CLANG_WARN_RANGE_LOOP_ANALYSIS = YES;
				CLANG_WARN_STRICT_PROTOTYPES = YES;
				CLANG_WARN_SUSPICIOUS_MOVE = YES;
				CLANG_WARN_UNGUARDED_AVAILABILITY = YES_AGGRESSIVE;
				CLANG_WARN_UNREACHABLE_CODE = YES;
				CLANG_WARN__DUPLICATE_METHOD_MATCH = YES;
				COPY_PHASE_STRIP = NO;
				DEBUG_INFORMATION_FORMAT = "dwarf-with-dsym";
				ENABLE_NS_ASSERTIONS = NO;
				ENABLE_STRICT_OBJC_MSGSEND = YES;
				GCC_C_LANGUAGE_STANDARD = gnu11;
				GCC_NO_COMMON_BLOCKS = YES;
				GCC_WARN_64_TO_32_BIT_CONVERSION = YES;
				GCC_WARN_ABOUT_RETURN_TYPE = YES_ERROR;
				GCC_WARN_UNDECLARED_SELECTOR = YES;
				GCC_WARN_UNINITIALIZED_AUTOS = YES_AGGRESSIVE;
				GCC_WARN_UNUSED_FUNCTION = YES;
				GCC_WARN_UNUSED_VARIABLE = YES;
				IPHONEOS_DEPLOYMENT_TARGET = 16.2;
				MTL_ENABLE_DEBUG_INFO = NO;
				MTL_FAST_MATH = YES;
				SDKROOT = iphoneos;
				SWIFT_COMPILATION_MODE = wholemodule;
				SWIFT_OPTIMIZATION_LEVEL = "-O";
				VALIDATE_PRODUCT = YES;
			};
			name = Release;
		};
		CE6694F229C1ABAC00B0A8AA /* Debug */ = {
			isa = XCBuildConfiguration;
			buildSettings = {
				ASSETCATALOG_COMPILER_APPICON_NAME = AppIcon;
				ASSETCATALOG_COMPILER_GLOBAL_ACCENT_COLOR_NAME = AccentColor;
				CODE_SIGN_STYLE = Automatic;
				CURRENT_PROJECT_VERSION = 1;
				DEVELOPMENT_ASSET_PATHS = "\"FirebaseTest/Preview Content\"";
				DEVELOPMENT_TEAM = T59UNF3D6N;
				ENABLE_PREVIEWS = YES;
				GENERATE_INFOPLIST_FILE = YES;
				INFOPLIST_KEY_UIApplicationSceneManifest_Generation = YES;
				INFOPLIST_KEY_UIApplicationSupportsIndirectInputEvents = YES;
				INFOPLIST_KEY_UILaunchScreen_Generation = YES;
				INFOPLIST_KEY_UISupportedInterfaceOrientations_iPad = "UIInterfaceOrientationPortrait UIInterfaceOrientationPortraitUpsideDown UIInterfaceOrientationLandscapeLeft UIInterfaceOrientationLandscapeRight";
				INFOPLIST_KEY_UISupportedInterfaceOrientations_iPhone = "UIInterfaceOrientationPortrait UIInterfaceOrientationLandscapeLeft UIInterfaceOrientationLandscapeRight";
				LD_RUNPATH_SEARCH_PATHS = (
					"$(inherited)",
					"@executable_path/Frameworks",
				);
				MARKETING_VERSION = 1.0;
				PRODUCT_BUNDLE_IDENTIFIER = com.VladOleynik.FirebaseTest;
				PRODUCT_NAME = "$(TARGET_NAME)";
				SWIFT_EMIT_LOC_STRINGS = YES;
				SWIFT_VERSION = 5.0;
				TARGETED_DEVICE_FAMILY = "1,2";
			};
			name = Debug;
		};
		CE6694F329C1ABAC00B0A8AA /* Release */ = {
			isa = XCBuildConfiguration;
			buildSettings = {
				ASSETCATALOG_COMPILER_APPICON_NAME = AppIcon;
				ASSETCATALOG_COMPILER_GLOBAL_ACCENT_COLOR_NAME = AccentColor;
				CODE_SIGN_STYLE = Automatic;
				CURRENT_PROJECT_VERSION = 1;
				DEVELOPMENT_ASSET_PATHS = "\"FirebaseTest/Preview Content\"";
				DEVELOPMENT_TEAM = T59UNF3D6N;
				ENABLE_PREVIEWS = YES;
				GENERATE_INFOPLIST_FILE = YES;
				INFOPLIST_KEY_UIApplicationSceneManifest_Generation = YES;
				INFOPLIST_KEY_UIApplicationSupportsIndirectInputEvents = YES;
				INFOPLIST_KEY_UILaunchScreen_Generation = YES;
				INFOPLIST_KEY_UISupportedInterfaceOrientations_iPad = "UIInterfaceOrientationPortrait UIInterfaceOrientationPortraitUpsideDown UIInterfaceOrientationLandscapeLeft UIInterfaceOrientationLandscapeRight";
				INFOPLIST_KEY_UISupportedInterfaceOrientations_iPhone = "UIInterfaceOrientationPortrait UIInterfaceOrientationLandscapeLeft UIInterfaceOrientationLandscapeRight";
				LD_RUNPATH_SEARCH_PATHS = (
					"$(inherited)",
					"@executable_path/Frameworks",
				);
				MARKETING_VERSION = 1.0;
				PRODUCT_BUNDLE_IDENTIFIER = com.VladOleynik.FirebaseTest;
				PRODUCT_NAME = "$(TARGET_NAME)";
				SWIFT_EMIT_LOC_STRINGS = YES;
				SWIFT_VERSION = 5.0;
				TARGETED_DEVICE_FAMILY = "1,2";
			};
			name = Release;
		};
/* End XCBuildConfiguration section */

/* Begin XCConfigurationList section */
		CE6694DE29C1ABAB00B0A8AA /* Build configuration list for PBXProject "FirebaseTest" */ = {
			isa = XCConfigurationList;
			buildConfigurations = (
				CE6694EF29C1ABAC00B0A8AA /* Debug */,
				CE6694F029C1ABAC00B0A8AA /* Release */,
			);
			defaultConfigurationIsVisible = 0;
			defaultConfigurationName = Release;
		};
		CE6694F129C1ABAC00B0A8AA /* Build configuration list for PBXNativeTarget "FirebaseTest" */ = {
			isa = XCConfigurationList;
			buildConfigurations = (
				CE6694F229C1ABAC00B0A8AA /* Debug */,
				CE6694F329C1ABAC00B0A8AA /* Release */,
			);
			defaultConfigurationIsVisible = 0;
			defaultConfigurationName = Release;
		};
/* End XCConfigurationList section */

/* Begin XCRemoteSwiftPackageReference section */
		CE6694F629C1ACD500B0A8AA /* XCRemoteSwiftPackageReference "firebase-ios-sdk" */ = {
			isa = XCRemoteSwiftPackageReference;
			repositoryURL = "https://github.com/firebase/firebase-ios-sdk.git";
			requirement = {
				kind = upToNextMajorVersion;
				minimumVersion = 10.6.0;
			};
		};
/* End XCRemoteSwiftPackageReference section */

/* Begin XCSwiftPackageProductDependency section */
		CE6694F729C1ACD500B0A8AA /* FirebaseAnalytics */ = {
			isa = XCSwiftPackageProductDependency;
			package = CE6694F629C1ACD500B0A8AA /* XCRemoteSwiftPackageReference "firebase-ios-sdk" */;
			productName = FirebaseAnalytics;
		};
		CE6694F929C1ACD500B0A8AA /* FirebaseAnalyticsSwift */ = {
			isa = XCSwiftPackageProductDependency;
			package = CE6694F629C1ACD500B0A8AA /* XCRemoteSwiftPackageReference "firebase-ios-sdk" */;
			productName = FirebaseAnalyticsSwift;
		};
		CE6694FB29C1ACD500B0A8AA /* FirebaseAppCheck */ = {
			isa = XCSwiftPackageProductDependency;
			package = CE6694F629C1ACD500B0A8AA /* XCRemoteSwiftPackageReference "firebase-ios-sdk" */;
			productName = FirebaseAppCheck;
		};
		CE6694FD29C1ACD500B0A8AA /* FirebaseDatabase */ = {
			isa = XCSwiftPackageProductDependency;
			package = CE6694F629C1ACD500B0A8AA /* XCRemoteSwiftPackageReference "firebase-ios-sdk" */;
			productName = FirebaseDatabase;
		};
/* End XCSwiftPackageProductDependency section */
	};
	rootObject = CE6694DB29C1ABAB00B0A8AA /* Project object */;
}
